
Microsoft Visual Studio Solution File, Format Version 11.00
# Visual Studio 2010
Project("{FAE04EC0-301F-11D3-BF4B-00C04F79EFBC}") = "3DProject", "Assembly-CSharp-firstpass.csproj", "{139D056B-C8E0-66B8-332B-168934DC882B}"
EndProject
Project("{FAE04EC0-301F-11D3-BF4B-00C04F79EFBC}") = "3DProject", "Assembly-CSharp.csproj", "{3FAF6531-BB88-FC26-6A77-D0CD1B96C51B}"
EndProject
Project("{FAE04EC0-301F-11D3-BF4B-00C04F79EFBC}") = "3DProject", "Assembly-CSharp-Editor-firstpass.csproj", "{3BFAB595-5F14-1085-683C-1D7A58182DD5}"
EndProject
Project("{FAE04EC0-301F-11D3-BF4B-00C04F79EFBC}") = "3DProject", "Assembly-CSharp-Editor.csproj", "{CA871474-115B-D511-8DDA-79528CA36954}"
EndProject
Global
	GlobalSection(SolutionConfigurationPlatforms) = preSolution
		Debug|Any CPU = Debug|Any CPU
		Release|Any CPU = Release|Any CPU
	EndGlobalSection
	GlobalSection(ProjectConfigurationPlatforms) = postSolution
		{139D056B-C8E0-66B8-332B-168934DC882B}.Debug|Any CPU.ActiveCfg = Debug|Any CPU
		{139D056B-C8E0-66B8-332B-168934DC882B}.Debug|Any CPU.Build.0 = Debug|Any CPU
		{139D056B-C8E0-66B8-332B-168934DC882B}.Release|Any CPU.ActiveCfg = Release|Any CPU
		{139D056B-C8E0-66B8-332B-168934DC882B}.Release|Any CPU.Build.0 = Release|Any CPU
		{3FAF6531-BB88-FC26-6A77-D0CD1B96C51B}.Debug|Any CPU.ActiveCfg = Debug|Any CPU
		{3FAF6531-BB88-FC26-6A77-D0CD1B96C51B}.Debug|Any CPU.Build.0 = Debug|Any CPU
		{3FAF6531-BB88-FC26-6A77-D0CD1B96C51B}.Release|Any CPU.ActiveCfg = Release|Any CPU
		{3FAF6531-BB88-FC26-6A77-D0CD1B96C51B}.Release|Any CPU.Build.0 = Release|Any CPU
		{3BFAB595-5F14-1085-683C-1D7A58182DD5}.Debug|Any CPU.ActiveCfg = Debug|Any CPU
		{3BFAB595-5F14-1085-683C-1D7A58182DD5}.Debug|Any CPU.Build.0 = Debug|Any CPU
		{3BFAB595-5F14-1085-683C-1D7A58182DD5}.Release|Any CPU.ActiveCfg = Release|Any CPU
		{3BFAB595-5F14-1085-683C-1D7A58182DD5}.Release|Any CPU.Build.0 = Release|Any CPU
		{CA871474-115B-D511-8DDA-79528CA36954}.Debug|Any CPU.ActiveCfg = Debug|Any CPU
		{CA871474-115B-D511-8DDA-79528CA36954}.Debug|Any CPU.Build.0 = Debug|Any CPU
		{CA871474-115B-D511-8DDA-79528CA36954}.Release|Any CPU.ActiveCfg = Release|Any CPU
		{CA871474-115B-D511-8DDA-79528CA36954}.Release|Any CPU.Build.0 = Release|Any CPU
	EndGlobalSection
	GlobalSection(SolutionProperties) = preSolution
		HideSolutionNode = FALSE
	EndGlobalSection
	GlobalSection(MonoDevelopProperties) = preSolution
		StartupItem = Assembly-CSharp.csproj
	EndGlobalSection
EndGlobal
